
Microsoft Visual Studio Solution File, Format Version 12.00
# Visual Studio Version 16
VisualStudioVersion = 16.0.29509.3
MinimumVisualStudioVersion = 10.0.40219.1
Project("{FAE04EC0-301F-11D3-BF4B-00C04F79EFBC}") = "ProyectoIntegradorLibros", "ProyectoIntegradorLibros\ProyectoIntegradorLibros.csproj", "{2C753ED3-D017-431C-9D89-5127B26066BA}"
EndProject
Global
	GlobalSection(SolutionConfigurationPlatforms) = preSolution
		Debug|Any CPU = Debug|Any CPU
		Release|Any CPU = Release|Any CPU
	EndGlobalSection
	GlobalSection(ProjectConfigurationPlatforms) = postSolution
		{2C753ED3-D017-431C-9D89-5127B26066BA}.Debug|Any CPU.ActiveCfg = Debug|Any CPU
		{2C753ED3-D017-431C-9D89-5127B26066BA}.Debug|Any CPU.Build.0 = Debug|Any CPU
		{2C753ED3-D017-431C-9D89-5127B26066BA}.Release|Any CPU.ActiveCfg = Release|Any CPU
		{2C753ED3-D017-431C-9D89-5127B26066BA}.Release|Any CPU.Build.0 = Release|Any CPU
	EndGlobalSection
	GlobalSection(SolutionProperties) = preSolution
		HideSolutionNode = FALSE
	EndGlobalSection
	GlobalSection(ExtensibilityGlobals) = postSolution
		SolutionGuid = {860BD1C9-9940-4D0C-91F9-9D6EA2413522}
	EndGlobalSection
EndGlobal
